
Microsoft Visual Studio Solution File, Format Version 12.00
# Visual Studio Version 16
VisualStudioVersion = 16.0.31205.134
MinimumVisualStudioVersion = 10.0.40219.1
Project("{FAE04EC0-301F-11D3-BF4B-00C04F79EFBC}") = "v0623", "v0623\v0623.csproj", "{1624EF48-AB6F-4733-8153-82978884A2A4}"
EndProject
Global
	GlobalSection(SolutionConfigurationPlatforms) = preSolution
		Debug|Any CPU = Debug|Any CPU
		Release|Any CPU = Release|Any CPU
	EndGlobalSection
	GlobalSection(ProjectConfigurationPlatforms) = postSolution
		{1624EF48-AB6F-4733-8153-82978884A2A4}.Debug|Any CPU.ActiveCfg = Debug|Any CPU
		{1624EF48-AB6F-4733-8153-82978884A2A4}.Debug|Any CPU.Build.0 = Debug|Any CPU
		{1624EF48-AB6F-4733-8153-82978884A2A4}.Release|Any CPU.ActiveCfg = Release|Any CPU
		{1624EF48-AB6F-4733-8153-82978884A2A4}.Release|Any CPU.Build.0 = Release|Any CPU
	EndGlobalSection
	GlobalSection(SolutionProperties) = preSolution
		HideSolutionNode = FALSE
	EndGlobalSection
	GlobalSection(ExtensibilityGlobals) = postSolution
		SolutionGuid = {3D0CE9DF-3777-42FE-B6EE-0D55EBA238B3}
	EndGlobalSection
EndGlobal
